// !$*UTF8*$!
{
	archiveVersion = 1;
	classes = {
	};
	objectVersion = 46;
	objects = {

/* Begin PBXBuildFile section */
		A50C1D5C1CFE76DB00944F96 /* main.m in Sources */ = {isa = PBXBuildFile; fileRef = A50C1D5B1CFE76DB00944F96 /* main.m */; };
		A50C1D5F1CFE76DB00944F96 /* AppDelegate.m in Sources */ = {isa = PBXBuildFile; fileRef = A50C1D5E1CFE76DB00944F96 /* AppDelegate.m */; };
		A50C1D621CFE76DB00944F96 /* ViewController.m in Sources */ = {isa = PBXBuildFile; fileRef = A50C1D611CFE76DB00944F96 /* ViewController.m */; };
		A50C1D651CFE76DB00944F96 /* Main.storyboard in Resources */ = {isa = PBXBuildFile; fileRef = A50C1D631CFE76DB00944F96 /* Main.storyboard */; };
		A50C1D671CFE76DB00944F96 /* Assets.xcassets in Resources */ = {isa = PBXBuildFile; fileRef = A50C1D661CFE76DB00944F96 /* Assets.xcassets */; };
		A50C1D6A1CFE76DB00944F96 /* LaunchScreen.storyboard in Resources */ = {isa = PBXBuildFile; fileRef = A50C1D681CFE76DB00944F96 /* LaunchScreen.storyboard */; };
		A50C1D751CFE76DB00944F96 /* BatteryNotificationTests.m in Sources */ = {isa = PBXBuildFile; fileRef = A50C1D741CFE76DB00944F96 /* BatteryNotificationTests.m */; };
		A50C1D801CFE76DB00944F96 /* BatteryNotificationUITests.m in Sources */ = {isa = PBXBuildFile; fileRef = A50C1D7F1CFE76DB00944F96 /* BatteryNotificationUITests.m */; };
/* End PBXBuildFile section */

/* Begin PBXContainerItemProxy section */
		A50C1D711CFE76DB00944F96 /* PBXContainerItemProxy */ = {
			isa = PBXContainerItemProxy;
			containerPortal = A50C1D4F1CFE76DB00944F96 /* Project object */;
			proxyType = 1;
			remoteGlobalIDString = A50C1D561CFE76DB00944F96;
			remoteInfo = BatteryNotification;
		};
		A50C1D7C1CFE76DB00944F96 /* PBXContainerItemProxy */ = {
			isa = PBXContainerItemProxy;
			containerPortal = A50C1D4F1CFE76DB00944F96 /* Project object */;
			proxyType = 1;
			remoteGlobalIDString = A50C1D561CFE76DB00944F96;
			remoteInfo = BatteryNotification;
		};
/* End PBXContainerItemProxy section */

/* Begin PBXFileReference section */
		A50C1D571CFE76DB00944F96 /* BatteryNotification.app */ = {isa = PBXFileReference; explicitFileType = wrapper.application; includeInIndex = 0; path = BatteryNotification.app; sourceTree = BUILT_PRODUCTS_DIR; };
		A50C1D5B1CFE76DB00944F96 /* main.m */ = {isa = PBXFileReference; lastKnownFileType = sourcecode.c.objc; path = main.m; sourceTree = "<group>"; };
		A50C1D5D1CFE76DB00944F96 /* AppDelegate.h */ = {isa = PBXFileReference; lastKnownFileType = sourcecode.c.h; path = AppDelegate.h; sourceTree = "<group>"; };
		A50C1D5E1CFE76DB00944F96 /* AppDelegate.m */ = {isa = PBXFileReference; lastKnownFileType = sourcecode.c.objc; path = AppDelegate.m; sourceTree = "<group>"; };
		A50C1D601CFE76DB00944F96 /* ViewController.h */ = {isa = PBXFileReference; lastKnownFileType = sourcecode.c.h; path = ViewController.h; sourceTree = "<group>"; };
		A50C1D611CFE76DB00944F96 /* ViewController.m */ = {isa = PBXFileReference; lastKnownFileType = sourcecode.c.objc; path = ViewController.m; sourceTree = "<group>"; };
		A50C1D641CFE76DB00944F96 /* Base */ = {isa = PBXFileReference; lastKnownFileType = file.storyboard; name = Base; path = Base.lproj/Main.storyboard; sourceTree = "<group>"; };
		A50C1D661CFE76DB00944F96 /* Assets.xcassets */ = {isa = PBXFileReference; lastKnownFileType = folder.assetcatalog; path = Assets.xcassets; sourceTree = "<group>"; };
		A50C1D691CFE76DB00944F96 /* Base */ = {isa = PBXFileReference; lastKnownFileType = file.storyboard; name = Base; path = Base.lproj/LaunchScreen.storyboard; sourceTree = "<group>"; };
		A50C1D6B1CFE76DB00944F96 /* Info.plist */ = {isa = PBXFileReference; lastKnownFileType = text.plist.xml; path = Info.plist; sourceTree = "<group>"; };
		A50C1D701CFE76DB00944F96 /* BatteryNotificationTests.xctest */ = {isa = PBXFileReference; explicitFileType = wrapper.cfbundle; includeInIndex = 0; path = BatteryNotificationTests.xctest; sourceTree = BUILT_PRODUCTS_DIR; };
		A50C1D741CFE76DB00944F96 /* BatteryNotificationTests.m */ = {isa = PBXFileReference; lastKnownFileType = sourcecode.c.objc; path = BatteryNotificationTests.m; sourceTree = "<group>"; };
		A50C1D761CFE76DB00944F96 /* Info.plist */ = {isa = PBXFileReference; lastKnownFileType = text.plist.xml; path = Info.plist; sourceTree = "<group>"; };
		A50C1D7B1CFE76DB00944F96 /* BatteryNotificationUITests.xctest */ = {isa = PBXFileReference; explicitFileType = wrapper.cfbundle; includeInIndex = 0; path = BatteryNotificationUITests.xctest; sourceTree = BUILT_PRODUCTS_DIR; };
		A50C1D7F1CFE76DB00944F96 /* BatteryNotificationUITests.m */ = {isa = PBXFileReference; lastKnownFileType = sourcecode.c.objc; path = BatteryNotificationUITests.m; sourceTree = "<group>"; };
		A50C1D811CFE76DB00944F96 /* Info.plist */ = {isa = PBXFileReference; lastKnownFileType = text.plist.xml; path = Info.plist; sourceTree = "<group>"; };
/* End PBXFileReference section */

/* Begin PBXFrameworksBuildPhase section */
		A50C1D541CFE76DB00944F96 /* Frameworks */ = {
			isa = PBXFrameworksBuildPhase;
			buildActionMask = 2147483647;
			files = (
			);
			runOnlyForDeploymentPostprocessing = 0;
		};
		A50C1D6D1CFE76DB00944F96 /* Frameworks */ = {
			isa = PBXFrameworksBuildPhase;
			buildActionMask = 2147483647;
			files = (
			);
			runOnlyForDeploymentPostprocessing = 0;
		};
		A50C1D781CFE76DB00944F96 /* Frameworks */ = {
			isa = PBXFrameworksBuildPhase;
			buildActionMask = 2147483647;
			files = (
			);
			runOnlyForDeploymentPostprocessing = 0;
		};
/* End PBXFrameworksBuildPhase section */

/* Begin PBXGroup section */
		A50C1D4E1CFE76DB00944F96 = {
			isa = PBXGroup;
			children = (
				A50C1D591CFE76DB00944F96 /* BatteryNotification */,
				A50C1D731CFE76DB00944F96 /* BatteryNotificationTests */,
				A50C1D7E1CFE76DB00944F96 /* BatteryNotificationUITests */,
				A50C1D581CFE76DB00944F96 /* Products */,
			);
			sourceTree = "<group>";
		};
		A50C1D581CFE76DB00944F96 /* Products */ = {
			isa = PBXGroup;
			children = (
				A50C1D571CFE76DB00944F96 /* BatteryNotification.app */,
				A50C1D701CFE76DB00944F96 /* BatteryNotificationTests.xctest */,
				A50C1D7B1CFE76DB00944F96 /* BatteryNotificationUITests.xctest */,
			);
			name = Products;
			sourceTree = "<group>";
		};
		A50C1D591CFE76DB00944F96 /* BatteryNotification */ = {
			isa = PBXGroup;
			children = (
				A50C1D5D1CFE76DB00944F96 /* AppDelegate.h */,
				A50C1D5E1CFE76DB00944F96 /* AppDelegate.m */,
				A50C1D601CFE76DB00944F96 /* ViewController.h */,
				A50C1D611CFE76DB00944F96 /* ViewController.m */,
				A50C1D631CFE76DB00944F96 /* Main.storyboard */,
				A50C1D661CFE76DB00944F96 /* Assets.xcassets */,
				A50C1D681CFE76DB00944F96 /* LaunchScreen.storyboard */,
				A50C1D6B1CFE76DB00944F96 /* Info.plist */,
				A50C1D5A1CFE76DB00944F96 /* Supporting Files */,
			);
			path = BatteryNotification;
			sourceTree = "<group>";
		};
		A50C1D5A1CFE76DB00944F96 /* Supporting Files */ = {
			isa = PBXGroup;
			children = (
				A50C1D5B1CFE76DB00944F96 /* main.m */,
			);
			name = "Supporting Files";
			sourceTree = "<group>";
		};
		A50C1D731CFE76DB00944F96 /* BatteryNotificationTests */ = {
			isa = PBXGroup;
			children = (
				A50C1D741CFE76DB00944F96 /* BatteryNotificationTests.m */,
				A50C1D761CFE76DB00944F96 /* Info.plist */,
			);
			path = BatteryNotificationTests;
			sourceTree = "<group>";
		};
		A50C1D7E1CFE76DB00944F96 /* BatteryNotificationUITests */ = {
			isa = PBXGroup;
			children = (
				A50C1D7F1CFE76DB00944F96 /* BatteryNotificationUITests.m */,
				A50C1D811CFE76DB00944F96 /* Info.plist */,
			);
			path = BatteryNotificationUITests;
			sourceTree = "<group>";
		};
/* End PBXGroup section */

/* Begin PBXNativeTarget section */
		A50C1D561CFE76DB00944F96 /* BatteryNotification */ = {
			isa = PBXNativeTarget;
			buildConfigurationList = A50C1D841CFE76DB00944F96 /* Build configuration list for PBXNativeTarget "BatteryNotification" */;
			buildPhases = (
				A50C1D531CFE76DB00944F96 /* Sources */,
				A50C1D541CFE76DB00944F96 /* Frameworks */,
				A50C1D551CFE76DB00944F96 /* Resources */,
			);
			buildRules = (
			);
			dependencies = (
			);
			name = BatteryNotification;
			productName = BatteryNotification;
			productReference = A50C1D571CFE76DB00944F96 /* BatteryNotification.app */;
			productType = "com.apple.product-type.application";
		};
		A50C1D6F1CFE76DB00944F96 /* BatteryNotificationTests */ = {
			isa = PBXNativeTarget;
			buildConfigurationList = A50C1D871CFE76DB00944F96 /* Build configuration list for PBXNativeTarget "BatteryNotificationTests" */;
			buildPhases = (
				A50C1D6C1CFE76DB00944F96 /* Sources */,
				A50C1D6D1CFE76DB00944F96 /* Frameworks */,
				A50C1D6E1CFE76DB00944F96 /* Resources */,
			);
			buildRules = (
			);
			dependencies = (
				A50C1D721CFE76DB00944F96 /* PBXTargetDependency */,
			);
			name = BatteryNotificationTests;
			productName = BatteryNotificationTests;
			productReference = A50C1D701CFE76DB00944F96 /* BatteryNotificationTests.xctest */;
			productType = "com.apple.product-type.bundle.unit-test";
		};
		A50C1D7A1CFE76DB00944F96 /* BatteryNotificationUITests */ = {
			isa = PBXNativeTarget;
			buildConfigurationList = A50C1D8A1CFE76DB00944F96 /* Build configuration list for PBXNativeTarget "BatteryNotificationUITests" */;
			buildPhases = (
				A50C1D771CFE76DB00944F96 /* Sources */,
				A50C1D781CFE76DB00944F96 /* Frameworks */,
				A50C1D791CFE76DB00944F96 /* Resources */,
			);
			buildRules = (
			);
			dependencies = (
				A50C1D7D1CFE76DB00944F96 /* PBXTargetDependency */,
			);
			name = BatteryNotificationUITests;
			productName = BatteryNotificationUITests;
			productReference = A50C1D7B1CFE76DB00944F96 /* BatteryNotificationUITests.xctest */;
			productType = "com.apple.product-type.bundle.ui-testing";
		};
/* End PBXNativeTarget section */

/* Begin PBXProject section */
		A50C1D4F1CFE76DB00944F96 /* Project object */ = {
			isa = PBXProject;
			attributes = {
				LastUpgradeCheck = 0730;
				ORGANIZATIONNAME = "Info Way";
				TargetAttributes = {
					A50C1D561CFE76DB00944F96 = {
						CreatedOnToolsVersion = 7.3.1;
					};
					A50C1D6F1CFE76DB00944F96 = {
						CreatedOnToolsVersion = 7.3.1;
						TestTargetID = A50C1D561CFE76DB00944F96;
					};
					A50C1D7A1CFE76DB00944F96 = {
						CreatedOnToolsVersion = 7.3.1;
						TestTargetID = A50C1D561CFE76DB00944F96;
					};
				};
			};
			buildConfigurationList = A50C1D521CFE76DB00944F96 /* Build configuration list for PBXProject "BatteryNotification" */;
			compatibilityVersion = "Xcode 3.2";
			developmentRegion = English;
			hasScannedForEncodings = 0;
			knownRegions = (
				en,
				Base,
			);
			mainGroup = A50C1D4E1CFE76DB00944F96;
			productRefGroup = A50C1D581CFE76DB00944F96 /* Products */;
			projectDirPath = "";
			projectRoot = "";
			targets = (
				A50C1D561CFE76DB00944F96 /* BatteryNotification */,
				A50C1D6F1CFE76DB00944F96 /* BatteryNotificationTests */,
				A50C1D7A1CFE76DB00944F96 /* BatteryNotificationUITests */,
			);
		};
/* End PBXProject section */

/* Begin PBXResourcesBuildPhase section */
		A50C1D551CFE76DB00944F96 /* Resources */ = {
			isa = PBXResourcesBuildPhase;
			buildActionMask = 2147483647;
			files = (
				A50C1D6A1CFE76DB00944F96 /* LaunchScreen.storyboard in Resources */,
				A50C1D671CFE76DB00944F96 /* Assets.xcassets in Resources */,
				A50C1D651CFE76DB00944F96 /* Main.storyboard in Resources */,
			);
			runOnlyForDeploymentPostprocessing = 0;
		};
		A50C1D6E1CFE76DB00944F96 /* Resources */ = {
			isa = PBXResourcesBuildPhase;
			buildActionMask = 2147483647;
			files = (
			);
			runOnlyForDeploymentPostprocessing = 0;
		};
		A50C1D791CFE76DB00944F96 /* Resources */ = {
			isa = PBXResourcesBuildPhase;
			buildActionMask = 2147483647;
			files = (
			);
			runOnlyForDeploymentPostprocessing = 0;
		};
/* End PBXResourcesBuildPhase section */

/* Begin PBXSourcesBuildPhase section */
		A50C1D531CFE76DB00944F96 /* Sources */ = {
			isa = PBXSourcesBuildPhase;
			buildActionMask = 2147483647;
			files = (
				A50C1D621CFE76DB00944F96 /* ViewController.m in Sources */,
				A50C1D5F1CFE76DB00944F96 /* AppDelegate.m in Sources */,
				A50C1D5C1CFE76DB00944F96 /* main.m in Sources */,
			);
			runOnlyForDeploymentPostprocessing = 0;
		};
		A50C1D6C1CFE76DB00944F96 /* Sources */ = {
			isa = PBXSourcesBuildPhase;
			buildActionMask = 2147483647;
			files = (
				A50C1D751CFE76DB00944F96 /* BatteryNotificationTests.m in Sources */,
			);
			runOnlyForDeploymentPostprocessing = 0;
		};
		A50C1D771CFE76DB00944F96 /* Sources */ = {
			isa = PBXSourcesBuildPhase;
			buildActionMask = 2147483647;
			files = (
				A50C1D801CFE76DB00944F96 /* BatteryNotificationUITests.m in Sources */,
			);
			runOnlyForDeploymentPostprocessing = 0;
		};
/* End PBXSourcesBuildPhase section */

/* Begin PBXTargetDependency section */
		A50C1D721CFE76DB00944F96 /* PBXTargetDependency */ = {
			isa = PBXTargetDependency;
			target = A50C1D561CFE76DB00944F96 /* BatteryNotification */;
			targetProxy = A50C1D711CFE76DB00944F96 /* PBXContainerItemProxy */;
		};
		A50C1D7D1CFE76DB00944F96 /* PBXTargetDependency */ = {
			isa = PBXTargetDependency;
			target = A50C1D561CFE76DB00944F96 /* BatteryNotification */;
			targetProxy = A50C1D7C1CFE76DB00944F96 /* PBXContainerItemProxy */;
		};
/* End PBXTargetDependency section */

/* Begin PBXVariantGroup section */
		A50C1D631CFE76DB00944F96 /* Main.storyboard */ = {
			isa = PBXVariantGroup;
			children = (
				A50C1D641CFE76DB00944F96 /* Base */,
			);
			name = Main.storyboard;
			sourceTree = "<group>";
		};
		A50C1D681CFE76DB00944F96 /* LaunchScreen.storyboard */ = {
			isa = PBXVariantGroup;
			children = (
				A50C1D691CFE76DB00944F96 /* Base */,
			);
			name = LaunchScreen.storyboard;
			sourceTree = "<group>";
		};
/* End PBXVariantGroup section */

/* Begin XCBuildConfiguration section */
		A50C1D821CFE76DB00944F96 /* Debug */ = {
			isa = XCBuildConfiguration;
			buildSettings = {
				ALWAYS_SEARCH_USER_PATHS = NO;
				CLANG_ANALYZER_NONNULL = YES;
				CLANG_CXX_LANGUAGE_STANDARD = "gnu++0x";
				CLANG_CXX_LIBRARY = "libc++";
				CLANG_ENABLE_MODULES = YES;
				CLANG_ENABLE_OBJC_ARC = YES;
				CLANG_WARN_BOOL_CONVERSION = YES;
				CLANG_WARN_CONSTANT_CONVERSION = YES;
				CLANG_WARN_DIRECT_OBJC_ISA_USAGE = YES_ERROR;
				CLANG_WARN_EMPTY_BODY = YES;
				CLANG_WARN_ENUM_CONVERSION = YES;
				CLANG_WARN_INT_CONVERSION = YES;
				CLANG_WARN_OBJC_ROOT_CLASS = YES_ERROR;
				CLANG_WARN_UNREACHABLE_CODE = YES;
				CLANG_WARN__DUPLICATE_METHOD_MATCH = YES;
				"CODE_SIGN_IDENTITY[sdk=iphoneos*]" = "iPhone Developer";
				COPY_PHASE_STRIP = NO;
				DEBUG_INFORMATION_FORMAT = dwarf;
				ENABLE_STRICT_OBJC_MSGSEND = YES;
				ENABLE_TESTABILITY = YES;
				GCC_C_LANGUAGE_STANDARD = gnu99;
				GCC_DYNAMIC_NO_PIC = NO;
				GCC_NO_COMMON_BLOCKS = YES;
				GCC_OPTIMIZATION_LEVEL = 0;
				GCC_PREPROCESSOR_DEFINITIONS = (
					"DEBUG=1",
					"$(inherited)",
				);
				GCC_WARN_64_TO_32_BIT_CONVERSION = YES;
				GCC_WARN_ABOUT_RETURN_TYPE = YES_ERROR;
				GCC_WARN_UNDECLARED_SELECTOR = YES;
				GCC_WARN_UNINITIALIZED_AUTOS = YES_AGGRESSIVE;
				GCC_WARN_UNUSED_FUNCTION = YES;
				GCC_WARN_UNUSED_VARIABLE = YES;
				IPHONEOS_DEPLOYMENT_TARGET = 9.3;
				MTL_ENABLE_DEBUG_INFO = YES;
				ONLY_ACTIVE_ARCH = YES;
				SDKROOT = iphoneos;
				TARGETED_DEVICE_FAMILY = "1,2";
			};
			name = Debug;
		};
		A50C1D831CFE76DB00944F96 /* Release */ = {
			isa = XCBuildConfiguration;
			buildSettings = {
				ALWAYS_SEARCH_USER_PATHS = NO;
				CLANG_ANALYZER_NONNULL = YES;
				CLANG_CXX_LANGUAGE_STANDARD = "gnu++0x";
				CLANG_CXX_LIBRARY = "libc++";
				CLANG_ENABLE_MODULES = YES;
				CLANG_ENABLE_OBJC_ARC = YES;
				CLANG_WARN_BOOL_CONVERSION = YES;
				CLANG_WARN_CONSTANT_CONVERSION = YES;
				CLANG_WARN_DIRECT_OBJC_ISA_USAGE = YES_ERROR;
				CLANG_WARN_EMPTY_BODY = YES;
				CLANG_WARN_ENUM_CONVERSION = YES;
				CLANG_WARN_INT_CONVERSION = YES;
				CLANG_WARN_OBJC_ROOT_CLASS = YES_ERROR;
				CLANG_WARN_UNREACHABLE_CODE = YES;
				CLANG_WARN__DUPLICATE_METHOD_MATCH = YES;
				"CODE_SIGN_IDENTITY[sdk=iphoneos*]" = "iPhone Developer";
				COPY_PHASE_STRIP = NO;
				DEBUG_INFORMATION_FORMAT = "dwarf-with-dsym";
				ENABLE_NS_ASSERTIONS = NO;
				ENABLE_STRICT_OBJC_MSGSEND = YES;
				GCC_C_LANGUAGE_STANDARD = gnu99;
				GCC_NO_COMMON_BLOCKS = YES;
				GCC_WARN_64_TO_32_BIT_CONVERSION = YES;
				GCC_WARN_ABOUT_RETURN_TYPE = YES_ERROR;
				GCC_WARN_UNDECLARED_SELECTOR = YES;
				GCC_WARN_UNINITIALIZED_AUTOS = YES_AGGRESSIVE;
				GCC_WARN_UNUSED_FUNCTION = YES;
				GCC_WARN_UNUSED_VARIABLE = YES;
				IPHONEOS_DEPLOYMENT_TARGET = 9.3;
				MTL_ENABLE_DEBUG_INFO = NO;
				SDKROOT = iphoneos;
				TARGETED_DEVICE_FAMILY = "1,2";
				VALIDATE_PRODUCT = YES;
			};
			name = Release;
		};
		A50C1D851CFE76DB00944F96 /* Debug */ = {
			isa = XCBuildConfiguration;
			buildSettings = {
				ASSETCATALOG_COMPILER_APPICON_NAME = AppIcon;
				INFOPLIST_FILE = BatteryNotification/Info.plist;
				LD_RUNPATH_SEARCH_PATHS = "$(inherited) @executable_path/Frameworks";
				PRODUCT_BUNDLE_IDENTIFIER = "Info-Way.BatteryNotification";
				PRODUCT_NAME = "$(TARGET_NAME)";
			};
			name = Debug;
		};
		A50C1D861CFE76DB00944F96 /* Release */ = {
			isa = XCBuildConfiguration;
			buildSettings = {
				ASSETCATALOG_COMPILER_APPICON_NAME = AppIcon;
				INFOPLIST_FILE = BatteryNotification/Info.plist;
				LD_RUNPATH_SEARCH_PATHS = "$(inherited) @executable_path/Frameworks";
				PRODUCT_BUNDLE_IDENTIFIER = "Info-Way.BatteryNotification";
				PRODUCT_NAME = "$(TARGET_NAME)";
			};
			name = Release;
		};
		A50C1D881CFE76DB00944F96 /* Debug */ = {
			isa = XCBuildConfiguration;
			buildSettings = {
				BUNDLE_LOADER = "$(TEST_HOST)";
				INFOPLIST_FILE = BatteryNotificationTests/Info.plist;
				LD_RUNPATH_SEARCH_PATHS = "$(inherited) @executable_path/Frameworks @loader_path/Frameworks";
				PRODUCT_BUNDLE_IDENTIFIER = "Info-Way.BatteryNotificationTests";
				PRODUCT_NAME = "$(TARGET_NAME)";
				TEST_HOST = "$(BUILT_PRODUCTS_DIR)/BatteryNotification.app/BatteryNotification";
			};
			name = Debug;
		};
		A50C1D891CFE76DB00944F96 /* Release */ = {
			isa = XCBuildConfiguration;
			buildSettings = {
				BUNDLE_LOADER = "$(TEST_HOST)";
				INFOPLIST_FILE = BatteryNotificationTests/Info.plist;
				LD_RUNPATH_SEARCH_PATHS = "$(inherited) @executable_path/Frameworks @loader_path/Frameworks";
				PRODUCT_BUNDLE_IDENTIFIER = "Info-Way.BatteryNotificationTests";
				PRODUCT_NAME = "$(TARGET_NAME)";
				TEST_HOST = "$(BUILT_PRODUCTS_DIR)/BatteryNotification.app/BatteryNotification";
			};
			name = Release;
		};
		A50C1D8B1CFE76DB00944F96 /* Debug */ = {
			isa = XCBuildConfiguration;
			buildSettings = {
				INFOPLIST_FILE = BatteryNotificationUITests/Info.plist;
				LD_RUNPATH_SEARCH_PATHS = "$(inherited) @executable_path/Frameworks @loader_path/Frameworks";
				PRODUCT_BUNDLE_IDENTIFIER = "Info-Way.BatteryNotificationUITests";
				PRODUCT_NAME = "$(TARGET_NAME)";
				TEST_TARGET_NAME = BatteryNotification;
			};
			name = Debug;
		};
		A50C1D8C1CFE76DB00944F96 /* Release */ = {
			isa = XCBuildConfiguration;
			buildSettings = {
				INFOPLIST_FILE = BatteryNotificationUITests/Info.plist;
				LD_RUNPATH_SEARCH_PATHS = "$(inherited) @executable_path/Frameworks @loader_path/Frameworks";
				PRODUCT_BUNDLE_IDENTIFIER = "Info-Way.BatteryNotificationUITests";
				PRODUCT_NAME = "$(TARGET_NAME)";
				TEST_TARGET_NAME = BatteryNotification;
			};
			name = Release;
		};
/* End XCBuildConfiguration section */

/* Begin XCConfigurationList section */
		A50C1D521CFE76DB00944F96 /* Build configuration list for PBXProject "BatteryNotification" */ = {
			isa = XCConfigurationList;
			buildConfigurations = (
				A50C1D821CFE76DB00944F96 /* Debug */,
				A50C1D831CFE76DB00944F96 /* Release */,
			);
			defaultConfigurationIsVisible = 0;
			defaultConfigurationName = Release;
		};
		A50C1D841CFE76DB00944F96 /* Build configuration list for PBXNativeTarget "BatteryNotification" */ = {
			isa = XCConfigurationList;
			buildConfigurations = (
				A50C1D851CFE76DB00944F96 /* Debug */,
				A50C1D861CFE76DB00944F96 /* Release */,
			);
			defaultConfigurationIsVisible = 0;
		};
		A50C1D871CFE76DB00944F96 /* Build configuration list for PBXNativeTarget "BatteryNotificationTests" */ = {
			isa = XCConfigurationList;
			buildConfigurations = (
				A50C1D881CFE76DB00944F96 /* Debug */,
				A50C1D891CFE76DB00944F96 /* Release */,
			);
			defaultConfigurationIsVisible = 0;
		};
		A50C1D8A1CFE76DB00944F96 /* Build configuration list for PBXNativeTarget "BatteryNotificationUITests" */ = {
			isa = XCConfigurationList;
			buildConfigurations = (
				A50C1D8B1CFE76DB00944F96 /* Debug */,
				A50C1D8C1CFE76DB00944F96 /* Release */,
			);
			defaultConfigurationIsVisible = 0;
		};
/* End XCConfigurationList section */
	};
	rootObject = A50C1D4F1CFE76DB00944F96 /* Project object */;
}
